
Microsoft Visual Studio Solution File, Format Version 12.00
# Visual Studio Version 17
VisualStudioVersion = 17.4.33205.214
MinimumVisualStudioVersion = 10.0.40219.1
Project("{FAE04EC0-301F-11D3-BF4B-00C04F79EFBC}") = "ByteBank.SistemaAgencia", "ByteBank.SistemaAgencia\ByteBank.SistemaAgencia.csproj", "{7B45E3AD-D567-4E42-AA3F-B3FDEAAEE6A3}"
EndProject
Project("{FAE04EC0-301F-11D3-BF4B-00C04F79EFBC}") = "ByteBank.Modelos", "ByteBank.Modelos\ByteBank.Modelos.csproj", "{A57704D7-1677-4F2A-B6AB-77B9849D5AD1}"
EndProject
Global
	GlobalSection(SolutionConfigurationPlatforms) = preSolution
		Debug|Any CPU = Debug|Any CPU
		Release|Any CPU = Release|Any CPU
	EndGlobalSection
	GlobalSection(ProjectConfigurationPlatforms) = postSolution
		{7B45E3AD-D567-4E42-AA3F-B3FDEAAEE6A3}.Debug|Any CPU.ActiveCfg = Debug|Any CPU
		{7B45E3AD-D567-4E42-AA3F-B3FDEAAEE6A3}.Debug|Any CPU.Build.0 = Debug|Any CPU
		{7B45E3AD-D567-4E42-AA3F-B3FDEAAEE6A3}.Release|Any CPU.ActiveCfg = Release|Any CPU
		{7B45E3AD-D567-4E42-AA3F-B3FDEAAEE6A3}.Release|Any CPU.Build.0 = Release|Any CPU
		{A57704D7-1677-4F2A-B6AB-77B9849D5AD1}.Debug|Any CPU.ActiveCfg = Debug|Any CPU
		{A57704D7-1677-4F2A-B6AB-77B9849D5AD1}.Debug|Any CPU.Build.0 = Debug|Any CPU
		{A57704D7-1677-4F2A-B6AB-77B9849D5AD1}.Release|Any CPU.ActiveCfg = Release|Any CPU
		{A57704D7-1677-4F2A-B6AB-77B9849D5AD1}.Release|Any CPU.Build.0 = Release|Any CPU
	EndGlobalSection
	GlobalSection(SolutionProperties) = preSolution
		HideSolutionNode = FALSE
	EndGlobalSection
	GlobalSection(ExtensibilityGlobals) = postSolution
		SolutionGuid = {C86EF4B8-11D8-43BD-B47B-2C2352662919}
	EndGlobalSection
EndGlobal
